{
  "name": "todo-app",
  "lockfileVersion": 3,
  "requires": true,
  "packages": {
    "": {
      "dependencies": {
        "vanilla-components": "^0.0.0-0"
      }
    },
    "node_modules/vanilla-components": {
      "version": "0.0.0-0",
      "resolved": "https://registry.npmjs.org/vanilla-components/-/vanilla-components-0.0.0-0.tgz",
      "integrity": "sha512-dDcYRMAkzgX5BRb2kDHx8hGXIy2Aur05h1QqgT0FAV35SCplwuh5Kkchn4QjXN48t4/FlN9nQ/st3Y6ZvyuHfA=="
    }
  }
}
